
Microsoft Visual Studio Solution File, Format Version 12.00
# Visual Studio Version 16
VisualStudioVersion = 16.0.29009.5
MinimumVisualStudioVersion = 10.0.40219.1
Project("{FAE04EC0-301F-11D3-BF4B-00C04F79EFBC}") = "Praxtica_04_11_2019_Autenticacion", "Praxtica_04_11_2019_Autenticacion\Praxtica_04_11_2019_Autenticacion.csproj", "{CC8D9339-E9C5-4FA1-A17F-15A22D2EB57F}"
EndProject
Global
	GlobalSection(SolutionConfigurationPlatforms) = preSolution
		Debug|Any CPU = Debug|Any CPU
		Release|Any CPU = Release|Any CPU
	EndGlobalSection
	GlobalSection(ProjectConfigurationPlatforms) = postSolution
		{CC8D9339-E9C5-4FA1-A17F-15A22D2EB57F}.Debug|Any CPU.ActiveCfg = Debug|Any CPU
		{CC8D9339-E9C5-4FA1-A17F-15A22D2EB57F}.Debug|Any CPU.Build.0 = Debug|Any CPU
		{CC8D9339-E9C5-4FA1-A17F-15A22D2EB57F}.Release|Any CPU.ActiveCfg = Release|Any CPU
		{CC8D9339-E9C5-4FA1-A17F-15A22D2EB57F}.Release|Any CPU.Build.0 = Release|Any CPU
	EndGlobalSection
	GlobalSection(SolutionProperties) = preSolution
		HideSolutionNode = FALSE
	EndGlobalSection
	GlobalSection(ExtensibilityGlobals) = postSolution
		SolutionGuid = {1A352D0A-5F56-45D9-B4A5-3A65078410F6}
	EndGlobalSection
EndGlobal
