
Microsoft Visual Studio Solution File, Format Version 12.00
# Visual Studio Version 16
VisualStudioVersion = 16.0.29009.5
MinimumVisualStudioVersion = 10.0.40219.1
Project("{FAE04EC0-301F-11D3-BF4B-00C04F79EFBC}") = "Practica_26_11_2019_PractivaEvaluativa1", "Practica_26_11_2019_PractivaEvaluativa1\Practica_26_11_2019_PractivaEvaluativa1.csproj", "{C8B380C0-9390-4044-96EA-F0CC667591E2}"
EndProject
Global
	GlobalSection(SolutionConfigurationPlatforms) = preSolution
		Debug|Any CPU = Debug|Any CPU
		Release|Any CPU = Release|Any CPU
	EndGlobalSection
	GlobalSection(ProjectConfigurationPlatforms) = postSolution
		{C8B380C0-9390-4044-96EA-F0CC667591E2}.Debug|Any CPU.ActiveCfg = Debug|Any CPU
		{C8B380C0-9390-4044-96EA-F0CC667591E2}.Debug|Any CPU.Build.0 = Debug|Any CPU
		{C8B380C0-9390-4044-96EA-F0CC667591E2}.Release|Any CPU.ActiveCfg = Release|Any CPU
		{C8B380C0-9390-4044-96EA-F0CC667591E2}.Release|Any CPU.Build.0 = Release|Any CPU
	EndGlobalSection
	GlobalSection(SolutionProperties) = preSolution
		HideSolutionNode = FALSE
	EndGlobalSection
	GlobalSection(ExtensibilityGlobals) = postSolution
		SolutionGuid = {AF4DECD8-8918-4B89-A7F8-46B4763426E0}
	EndGlobalSection
EndGlobal
