
Microsoft Visual Studio Solution File, Format Version 12.00
# Visual Studio Version 16
VisualStudioVersion = 16.0.29009.5
MinimumVisualStudioVersion = 10.0.40219.1
Project("{FAE04EC0-301F-11D3-BF4B-00C04F79EFBC}") = "Cambio", "Cambio\Cambio.csproj", "{1440B908-C41B-42E0-B02A-2D1775526593}"
EndProject
Global
	GlobalSection(SolutionConfigurationPlatforms) = preSolution
		Debug|Any CPU = Debug|Any CPU
		Release|Any CPU = Release|Any CPU
	EndGlobalSection
	GlobalSection(ProjectConfigurationPlatforms) = postSolution
		{1440B908-C41B-42E0-B02A-2D1775526593}.Debug|Any CPU.ActiveCfg = Debug|Any CPU
		{1440B908-C41B-42E0-B02A-2D1775526593}.Debug|Any CPU.Build.0 = Debug|Any CPU
		{1440B908-C41B-42E0-B02A-2D1775526593}.Release|Any CPU.ActiveCfg = Release|Any CPU
		{1440B908-C41B-42E0-B02A-2D1775526593}.Release|Any CPU.Build.0 = Release|Any CPU
	EndGlobalSection
	GlobalSection(SolutionProperties) = preSolution
		HideSolutionNode = FALSE
	EndGlobalSection
	GlobalSection(ExtensibilityGlobals) = postSolution
		SolutionGuid = {D7948A3C-36CE-4E3B-B033-B8487AB5A2D3}
	EndGlobalSection
EndGlobal
