
Microsoft Visual Studio Solution File, Format Version 12.00
# Visual Studio Version 16
VisualStudioVersion = 16.0.29009.5
MinimumVisualStudioVersion = 10.0.40219.1
Project("{FAE04EC0-301F-11D3-BF4B-00C04F79EFBC}") = "Practica_24_09_2019_Sobrecarga1", "Practica_24_09_2019_Sobrecarga1\Practica_24_09_2019_Sobrecarga1.csproj", "{B6A411DF-A6EB-4DAF-A94F-949476CD10C7}"
EndProject
Global
	GlobalSection(SolutionConfigurationPlatforms) = preSolution
		Debug|Any CPU = Debug|Any CPU
		Release|Any CPU = Release|Any CPU
	EndGlobalSection
	GlobalSection(ProjectConfigurationPlatforms) = postSolution
		{B6A411DF-A6EB-4DAF-A94F-949476CD10C7}.Debug|Any CPU.ActiveCfg = Debug|Any CPU
		{B6A411DF-A6EB-4DAF-A94F-949476CD10C7}.Debug|Any CPU.Build.0 = Debug|Any CPU
		{B6A411DF-A6EB-4DAF-A94F-949476CD10C7}.Release|Any CPU.ActiveCfg = Release|Any CPU
		{B6A411DF-A6EB-4DAF-A94F-949476CD10C7}.Release|Any CPU.Build.0 = Release|Any CPU
	EndGlobalSection
	GlobalSection(SolutionProperties) = preSolution
		HideSolutionNode = FALSE
	EndGlobalSection
	GlobalSection(ExtensibilityGlobals) = postSolution
		SolutionGuid = {25F4B9BD-A66A-4F25-A219-F5B6534C56C0}
	EndGlobalSection
EndGlobal
