
Microsoft Visual Studio Solution File, Format Version 12.00
# Visual Studio Version 16
VisualStudioVersion = 16.0.29009.5
MinimumVisualStudioVersion = 10.0.40219.1
Project("{FAE04EC0-301F-11D3-BF4B-00C04F79EFBC}") = "E03_Sosa_Lopez_Alan_Manuel_18_10_2019", "E03_Sosa_Lopez_Alan_Manuel_18_10_2019\E03_Sosa_Lopez_Alan_Manuel_18_10_2019.csproj", "{8F22B361-C752-4F0C-A336-F6DEA8D9301D}"
EndProject
Global
	GlobalSection(SolutionConfigurationPlatforms) = preSolution
		Debug|Any CPU = Debug|Any CPU
		Release|Any CPU = Release|Any CPU
	EndGlobalSection
	GlobalSection(ProjectConfigurationPlatforms) = postSolution
		{8F22B361-C752-4F0C-A336-F6DEA8D9301D}.Debug|Any CPU.ActiveCfg = Debug|Any CPU
		{8F22B361-C752-4F0C-A336-F6DEA8D9301D}.Debug|Any CPU.Build.0 = Debug|Any CPU
		{8F22B361-C752-4F0C-A336-F6DEA8D9301D}.Release|Any CPU.ActiveCfg = Release|Any CPU
		{8F22B361-C752-4F0C-A336-F6DEA8D9301D}.Release|Any CPU.Build.0 = Release|Any CPU
	EndGlobalSection
	GlobalSection(SolutionProperties) = preSolution
		HideSolutionNode = FALSE
	EndGlobalSection
	GlobalSection(ExtensibilityGlobals) = postSolution
		SolutionGuid = {2EE170E0-13C2-4DFF-95C8-FDCE28A51EF9}
	EndGlobalSection
EndGlobal
