
Microsoft Visual Studio Solution File, Format Version 12.00
# Visual Studio Version 16
VisualStudioVersion = 16.0.29009.5
MinimumVisualStudioVersion = 10.0.40219.1
Project("{FAE04EC0-301F-11D3-BF4B-00C04F79EFBC}") = "Practica_21_11_2019_Errores", "Practica_21_11_2019_Errores\Practica_21_11_2019_Errores.csproj", "{2BA5EAD7-4140-45CD-BA74-954AF75955ED}"
EndProject
Global
	GlobalSection(SolutionConfigurationPlatforms) = preSolution
		Debug|Any CPU = Debug|Any CPU
		Release|Any CPU = Release|Any CPU
	EndGlobalSection
	GlobalSection(ProjectConfigurationPlatforms) = postSolution
		{2BA5EAD7-4140-45CD-BA74-954AF75955ED}.Debug|Any CPU.ActiveCfg = Debug|Any CPU
		{2BA5EAD7-4140-45CD-BA74-954AF75955ED}.Debug|Any CPU.Build.0 = Debug|Any CPU
		{2BA5EAD7-4140-45CD-BA74-954AF75955ED}.Release|Any CPU.ActiveCfg = Release|Any CPU
		{2BA5EAD7-4140-45CD-BA74-954AF75955ED}.Release|Any CPU.Build.0 = Release|Any CPU
	EndGlobalSection
	GlobalSection(SolutionProperties) = preSolution
		HideSolutionNode = FALSE
	EndGlobalSection
	GlobalSection(ExtensibilityGlobals) = postSolution
		SolutionGuid = {9CA148D3-8562-4D4F-AB82-3162F9C9D784}
	EndGlobalSection
EndGlobal
